
Microsoft Visual Studio Solution File, Format Version 12.00
# Visual Studio Version 17
VisualStudioVersion = 17.11.35303.130
MinimumVisualStudioVersion = 10.0.40219.1
Project("{FAE04EC0-301F-11D3-BF4B-00C04F79EFBC}") = "TestProject2", "TestProject2\TestProject2.csproj", "{208D2121-2FC9-42A5-AE75-76C386ADA3EF}"
EndProject
Global
	GlobalSection(SolutionConfigurationPlatforms) = preSolution
		Debug|Any CPU = Debug|Any CPU
		Release|Any CPU = Release|Any CPU
	EndGlobalSection
	GlobalSection(ProjectConfigurationPlatforms) = postSolution
		{208D2121-2FC9-42A5-AE75-76C386ADA3EF}.Debug|Any CPU.ActiveCfg = Debug|Any CPU
		{208D2121-2FC9-42A5-AE75-76C386ADA3EF}.Debug|Any CPU.Build.0 = Debug|Any CPU
		{208D2121-2FC9-42A5-AE75-76C386ADA3EF}.Release|Any CPU.ActiveCfg = Release|Any CPU
		{208D2121-2FC9-42A5-AE75-76C386ADA3EF}.Release|Any CPU.Build.0 = Release|Any CPU
	EndGlobalSection
	GlobalSection(SolutionProperties) = preSolution
		HideSolutionNode = FALSE
	EndGlobalSection
	GlobalSection(ExtensibilityGlobals) = postSolution
		SolutionGuid = {51043BEA-A947-4700-B500-72EDC4CFEF1F}
	EndGlobalSection
EndGlobal
